// !$*UTF8*$!
{
	archiveVersion = 1;
	classes = {
	};
	objectVersion = 55;
	objects = {

/* Begin PBXBuildFile section */
		A3689B5227BAD64100F7C4B8 /* AppCoordinator.swift in Sources */ = {isa = PBXBuildFile; fileRef = A3689B5127BAD64100F7C4B8 /* AppCoordinator.swift */; };
		A3689B5527BAD65500F7C4B8 /* AppDependencyInjector.swift in Sources */ = {isa = PBXBuildFile; fileRef = A3689B5427BAD65500F7C4B8 /* AppDependencyInjector.swift */; };
		A37891A027BAD462001596AF /* AppDelegate.swift in Sources */ = {isa = PBXBuildFile; fileRef = A378919F27BAD462001596AF /* AppDelegate.swift */; };
		A37891A227BAD462001596AF /* SceneDelegate.swift in Sources */ = {isa = PBXBuildFile; fileRef = A37891A127BAD462001596AF /* SceneDelegate.swift */; };
		A37891A727BAD462001596AF /* Main.storyboard in Resources */ = {isa = PBXBuildFile; fileRef = A37891A527BAD462001596AF /* Main.storyboard */; };
		A37891A927BAD463001596AF /* Assets.xcassets in Resources */ = {isa = PBXBuildFile; fileRef = A37891A827BAD463001596AF /* Assets.xcassets */; };
		A37891AC27BAD463001596AF /* LaunchScreen.storyboard in Resources */ = {isa = PBXBuildFile; fileRef = A37891AA27BAD463001596AF /* LaunchScreen.storyboard */; };
		A37891B727BAD464001596AF /* CountriesTests.swift in Sources */ = {isa = PBXBuildFile; fileRef = A37891B627BAD464001596AF /* CountriesTests.swift */; };
		A37891C127BAD464001596AF /* CountriesUITests.swift in Sources */ = {isa = PBXBuildFile; fileRef = A37891C027BAD464001596AF /* CountriesUITests.swift */; };
		A37891C327BAD464001596AF /* CountriesUITestsLaunchTests.swift in Sources */ = {isa = PBXBuildFile; fileRef = A37891C227BAD464001596AF /* CountriesUITestsLaunchTests.swift */; };
		A37891E027BAD4D2001596AF /* CountryListViewModel.swift in Sources */ = {isa = PBXBuildFile; fileRef = A37891D027BAD4D1001596AF /* CountryListViewModel.swift */; };
		A37891E127BAD4D2001596AF /* CountriesCoordinator.swift in Sources */ = {isa = PBXBuildFile; fileRef = A37891D127BAD4D1001596AF /* CountriesCoordinator.swift */; };
		A37891E227BAD4D2001596AF /* CountryListDependencyInjector.swift in Sources */ = {isa = PBXBuildFile; fileRef = A37891D227BAD4D1001596AF /* CountryListDependencyInjector.swift */; };
		A37891E327BAD4D2001596AF /* CountryListView.swift in Sources */ = {isa = PBXBuildFile; fileRef = A37891D327BAD4D1001596AF /* CountryListView.swift */; };
		A37891E427BAD4D2001596AF /* APIClient.swift in Sources */ = {isa = PBXBuildFile; fileRef = A37891D627BAD4D1001596AF /* APIClient.swift */; };
		A37891E527BAD4D2001596AF /* CountriesClient.swift in Sources */ = {isa = PBXBuildFile; fileRef = A37891D727BAD4D1001596AF /* CountriesClient.swift */; };
		A37891E627BAD4D2001596AF /* CountriesEndpoints.swift in Sources */ = {isa = PBXBuildFile; fileRef = A37891D927BAD4D1001596AF /* CountriesEndpoints.swift */; };
		A37891E727BAD4D2001596AF /* Endpoint.swift in Sources */ = {isa = PBXBuildFile; fileRef = A37891DA27BAD4D1001596AF /* Endpoint.swift */; };
		A37891E827BAD4D2001596AF /* APIError.swift in Sources */ = {isa = PBXBuildFile; fileRef = A37891DC27BAD4D1001596AF /* APIError.swift */; };
		A37891E927BAD4D2001596AF /* Country.swift in Sources */ = {isa = PBXBuildFile; fileRef = A37891DD27BAD4D1001596AF /* Country.swift */; };
		A37891EA27BAD4D2001596AF /* Publisher+Extensions.swift in Sources */ = {isa = PBXBuildFile; fileRef = A37891DF27BAD4D1001596AF /* Publisher+Extensions.swift */; };
		A39A37FF27BD615E00A3B8D3 /* CountryListView+Loading.swift in Sources */ = {isa = PBXBuildFile; fileRef = A39A37FE27BD615E00A3B8D3 /* CountryListView+Loading.swift */; };
		A39A380127BD61D500A3B8D3 /* CountryListView+Error.swift in Sources */ = {isa = PBXBuildFile; fileRef = A39A380027BD61D500A3B8D3 /* CountryListView+Error.swift */; };
		A39A380327BD664800A3B8D3 /* Colors+Patterns.swift in Sources */ = {isa = PBXBuildFile; fileRef = A39A380227BD664800A3B8D3 /* Colors+Patterns.swift */; };
		A3CF51EC27BD4DD2001CDB21 /* Lottie in Frameworks */ = {isa = PBXBuildFile; productRef = A3CF51EB27BD4DD2001CDB21 /* Lottie */; };
		A3CF51EF27BD527F001CDB21 /* LoadingAnimationView.swift in Sources */ = {isa = PBXBuildFile; fileRef = A3CF51EE27BD527F001CDB21 /* LoadingAnimationView.swift */; };
		A3CF51F327BD52B3001CDB21 /* loading_world.json in Resources */ = {isa = PBXBuildFile; fileRef = A3CF51F227BD52B3001CDB21 /* loading_world.json */; };
/* End PBXBuildFile section */

/* Begin PBXContainerItemProxy section */
		A37891B327BAD464001596AF /* PBXContainerItemProxy */ = {
			isa = PBXContainerItemProxy;
			containerPortal = A378919427BAD461001596AF /* Project object */;
			proxyType = 1;
			remoteGlobalIDString = A378919B27BAD461001596AF;
			remoteInfo = Countries;
		};
		A37891BD27BAD464001596AF /* PBXContainerItemProxy */ = {
			isa = PBXContainerItemProxy;
			containerPortal = A378919427BAD461001596AF /* Project object */;
			proxyType = 1;
			remoteGlobalIDString = A378919B27BAD461001596AF;
			remoteInfo = Countries;
		};
/* End PBXContainerItemProxy section */

/* Begin PBXFileReference section */
		A3689B5127BAD64100F7C4B8 /* AppCoordinator.swift */ = {isa = PBXFileReference; lastKnownFileType = sourcecode.swift; path = AppCoordinator.swift; sourceTree = "<group>"; };
		A3689B5427BAD65500F7C4B8 /* AppDependencyInjector.swift */ = {isa = PBXFileReference; lastKnownFileType = sourcecode.swift; path = AppDependencyInjector.swift; sourceTree = "<group>"; };
		A378919C27BAD462001596AF /* Countries.app */ = {isa = PBXFileReference; explicitFileType = wrapper.application; includeInIndex = 0; path = Countries.app; sourceTree = BUILT_PRODUCTS_DIR; };
		A378919F27BAD462001596AF /* AppDelegate.swift */ = {isa = PBXFileReference; lastKnownFileType = sourcecode.swift; path = AppDelegate.swift; sourceTree = "<group>"; };
		A37891A127BAD462001596AF /* SceneDelegate.swift */ = {isa = PBXFileReference; lastKnownFileType = sourcecode.swift; path = SceneDelegate.swift; sourceTree = "<group>"; };
		A37891A627BAD462001596AF /* Base */ = {isa = PBXFileReference; lastKnownFileType = file.storyboard; name = Base; path = Base.lproj/Main.storyboard; sourceTree = "<group>"; };
		A37891A827BAD463001596AF /* Assets.xcassets */ = {isa = PBXFileReference; lastKnownFileType = folder.assetcatalog; path = Assets.xcassets; sourceTree = "<group>"; };
		A37891AB27BAD463001596AF /* Base */ = {isa = PBXFileReference; lastKnownFileType = file.storyboard; name = Base; path = Base.lproj/LaunchScreen.storyboard; sourceTree = "<group>"; };
		A37891AD27BAD463001596AF /* Info.plist */ = {isa = PBXFileReference; lastKnownFileType = text.plist.xml; path = Info.plist; sourceTree = "<group>"; };
		A37891B227BAD464001596AF /* CountriesTests.xctest */ = {isa = PBXFileReference; explicitFileType = wrapper.cfbundle; includeInIndex = 0; path = CountriesTests.xctest; sourceTree = BUILT_PRODUCTS_DIR; };
		A37891B627BAD464001596AF /* CountriesTests.swift */ = {isa = PBXFileReference; lastKnownFileType = sourcecode.swift; path = CountriesTests.swift; sourceTree = "<group>"; };
		A37891BC27BAD464001596AF /* CountriesUITests.xctest */ = {isa = PBXFileReference; explicitFileType = wrapper.cfbundle; includeInIndex = 0; path = CountriesUITests.xctest; sourceTree = BUILT_PRODUCTS_DIR; };
		A37891C027BAD464001596AF /* CountriesUITests.swift */ = {isa = PBXFileReference; lastKnownFileType = sourcecode.swift; path = CountriesUITests.swift; sourceTree = "<group>"; };
		A37891C227BAD464001596AF /* CountriesUITestsLaunchTests.swift */ = {isa = PBXFileReference; lastKnownFileType = sourcecode.swift; path = CountriesUITestsLaunchTests.swift; sourceTree = "<group>"; };
		A37891D027BAD4D1001596AF /* CountryListViewModel.swift */ = {isa = PBXFileReference; fileEncoding = 4; lastKnownFileType = sourcecode.swift; path = CountryListViewModel.swift; sourceTree = "<group>"; };
		A37891D127BAD4D1001596AF /* CountriesCoordinator.swift */ = {isa = PBXFileReference; fileEncoding = 4; lastKnownFileType = sourcecode.swift; path = CountriesCoordinator.swift; sourceTree = "<group>"; };
		A37891D227BAD4D1001596AF /* CountryListDependencyInjector.swift */ = {isa = PBXFileReference; fileEncoding = 4; lastKnownFileType = sourcecode.swift; path = CountryListDependencyInjector.swift; sourceTree = "<group>"; };
		A37891D327BAD4D1001596AF /* CountryListView.swift */ = {isa = PBXFileReference; fileEncoding = 4; lastKnownFileType = sourcecode.swift; path = CountryListView.swift; sourceTree = "<group>"; };
		A37891D627BAD4D1001596AF /* APIClient.swift */ = {isa = PBXFileReference; fileEncoding = 4; lastKnownFileType = sourcecode.swift; path = APIClient.swift; sourceTree = "<group>"; };
		A37891D727BAD4D1001596AF /* CountriesClient.swift */ = {isa = PBXFileReference; fileEncoding = 4; lastKnownFileType = sourcecode.swift; path = CountriesClient.swift; sourceTree = "<group>"; };
		A37891D927BAD4D1001596AF /* CountriesEndpoints.swift */ = {isa = PBXFileReference; fileEncoding = 4; lastKnownFileType = sourcecode.swift; path = CountriesEndpoints.swift; sourceTree = "<group>"; };
		A37891DA27BAD4D1001596AF /* Endpoint.swift */ = {isa = PBXFileReference; fileEncoding = 4; lastKnownFileType = sourcecode.swift; path = Endpoint.swift; sourceTree = "<group>"; };
		A37891DC27BAD4D1001596AF /* APIError.swift */ = {isa = PBXFileReference; fileEncoding = 4; lastKnownFileType = sourcecode.swift; path = APIError.swift; sourceTree = "<group>"; };
		A37891DD27BAD4D1001596AF /* Country.swift */ = {isa = PBXFileReference; fileEncoding = 4; lastKnownFileType = sourcecode.swift; path = Country.swift; sourceTree = "<group>"; };
		A37891DF27BAD4D1001596AF /* Publisher+Extensions.swift */ = {isa = PBXFileReference; fileEncoding = 4; lastKnownFileType = sourcecode.swift; path = "Publisher+Extensions.swift"; sourceTree = "<group>"; };
		A39A37FE27BD615E00A3B8D3 /* CountryListView+Loading.swift */ = {isa = PBXFileReference; lastKnownFileType = sourcecode.swift; path = "CountryListView+Loading.swift"; sourceTree = "<group>"; };
		A39A380027BD61D500A3B8D3 /* CountryListView+Error.swift */ = {isa = PBXFileReference; lastKnownFileType = sourcecode.swift; path = "CountryListView+Error.swift"; sourceTree = "<group>"; };
		A39A380227BD664800A3B8D3 /* Colors+Patterns.swift */ = {isa = PBXFileReference; lastKnownFileType = sourcecode.swift; path = "Colors+Patterns.swift"; sourceTree = "<group>"; };
		A3CF51EE27BD527F001CDB21 /* LoadingAnimationView.swift */ = {isa = PBXFileReference; lastKnownFileType = sourcecode.swift; path = LoadingAnimationView.swift; sourceTree = "<group>"; };
		A3CF51F227BD52B3001CDB21 /* loading_world.json */ = {isa = PBXFileReference; fileEncoding = 4; lastKnownFileType = text.json; path = loading_world.json; sourceTree = "<group>"; };
/* End PBXFileReference section */

/* Begin PBXFrameworksBuildPhase section */
		A378919927BAD461001596AF /* Frameworks */ = {
			isa = PBXFrameworksBuildPhase;
			buildActionMask = 2147483647;
			files = (
				A3CF51EC27BD4DD2001CDB21 /* Lottie in Frameworks */,
			);
			runOnlyForDeploymentPostprocessing = 0;
		};
		A37891AF27BAD464001596AF /* Frameworks */ = {
			isa = PBXFrameworksBuildPhase;
			buildActionMask = 2147483647;
			files = (
			);
			runOnlyForDeploymentPostprocessing = 0;
		};
		A37891B927BAD464001596AF /* Frameworks */ = {
			isa = PBXFrameworksBuildPhase;
			buildActionMask = 2147483647;
			files = (
			);
			runOnlyForDeploymentPostprocessing = 0;
		};
/* End PBXFrameworksBuildPhase section */

/* Begin PBXGroup section */
		A3689B5327BAD64400F7C4B8 /* App */ = {
			isa = PBXGroup;
			children = (
				A3689B5127BAD64100F7C4B8 /* AppCoordinator.swift */,
				A3689B5427BAD65500F7C4B8 /* AppDependencyInjector.swift */,
			);
			path = App;
			sourceTree = "<group>";
		};
		A378919327BAD461001596AF = {
			isa = PBXGroup;
			children = (
				A378919E27BAD462001596AF /* Countries */,
				A37891B527BAD464001596AF /* CountriesTests */,
				A37891BF27BAD464001596AF /* CountriesUITests */,
				A378919D27BAD462001596AF /* Products */,
			);
			sourceTree = "<group>";
		};
		A378919D27BAD462001596AF /* Products */ = {
			isa = PBXGroup;
			children = (
				A378919C27BAD462001596AF /* Countries.app */,
				A37891B227BAD464001596AF /* CountriesTests.xctest */,
				A37891BC27BAD464001596AF /* CountriesUITests.xctest */,
			);
			name = Products;
			sourceTree = "<group>";
		};
		A378919E27BAD462001596AF /* Countries */ = {
			isa = PBXGroup;
			children = (
				A3CF51ED27BD526B001CDB21 /* UICommons */,
				A37891D427BAD4D1001596AF /* API */,
				A37891DE27BAD4D1001596AF /* Commons */,
				A37891CF27BAD4D1001596AF /* Country */,
				A37891EB27BAD4F9001596AF /* Resources */,
				A3689B5327BAD64400F7C4B8 /* App */,
			);
			path = Countries;
			sourceTree = "<group>";
		};
		A37891B527BAD464001596AF /* CountriesTests */ = {
			isa = PBXGroup;
			children = (
				A37891B627BAD464001596AF /* CountriesTests.swift */,
			);
			path = CountriesTests;
			sourceTree = "<group>";
		};
		A37891BF27BAD464001596AF /* CountriesUITests */ = {
			isa = PBXGroup;
			children = (
				A37891C027BAD464001596AF /* CountriesUITests.swift */,
				A37891C227BAD464001596AF /* CountriesUITestsLaunchTests.swift */,
			);
			path = CountriesUITests;
			sourceTree = "<group>";
		};
		A37891CF27BAD4D1001596AF /* Country */ = {
			isa = PBXGroup;
			children = (
				A37891D027BAD4D1001596AF /* CountryListViewModel.swift */,
				A37891D127BAD4D1001596AF /* CountriesCoordinator.swift */,
				A37891D227BAD4D1001596AF /* CountryListDependencyInjector.swift */,
				A39A37FD27BD615300A3B8D3 /* View */,
			);
			path = Country;
			sourceTree = "<group>";
		};
		A37891D427BAD4D1001596AF /* API */ = {
			isa = PBXGroup;
			children = (
				A37891D527BAD4D1001596AF /* Clients */,
				A37891D827BAD4D1001596AF /* Endpoints */,
				A37891DB27BAD4D1001596AF /* Models */,
			);
			path = API;
			sourceTree = "<group>";
		};
		A37891D527BAD4D1001596AF /* Clients */ = {
			isa = PBXGroup;
			children = (
				A37891D627BAD4D1001596AF /* APIClient.swift */,
				A37891D727BAD4D1001596AF /* CountriesClient.swift */,
			);
			path = Clients;
			sourceTree = "<group>";
		};
		A37891D827BAD4D1001596AF /* Endpoints */ = {
			isa = PBXGroup;
			children = (
				A37891D927BAD4D1001596AF /* CountriesEndpoints.swift */,
				A37891DA27BAD4D1001596AF /* Endpoint.swift */,
			);
			path = Endpoints;
			sourceTree = "<group>";
		};
		A37891DB27BAD4D1001596AF /* Models */ = {
			isa = PBXGroup;
			children = (
				A37891DC27BAD4D1001596AF /* APIError.swift */,
				A37891DD27BAD4D1001596AF /* Country.swift */,
			);
			path = Models;
			sourceTree = "<group>";
		};
		A37891DE27BAD4D1001596AF /* Commons */ = {
			isa = PBXGroup;
			children = (
				A37891DF27BAD4D1001596AF /* Publisher+Extensions.swift */,
			);
			path = Commons;
			sourceTree = "<group>";
		};
		A37891EB27BAD4F9001596AF /* Resources */ = {
			isa = PBXGroup;
			children = (
				A378919F27BAD462001596AF /* AppDelegate.swift */,
				A37891A127BAD462001596AF /* SceneDelegate.swift */,
				A37891A527BAD462001596AF /* Main.storyboard */,
				A37891A827BAD463001596AF /* Assets.xcassets */,
				A37891AA27BAD463001596AF /* LaunchScreen.storyboard */,
				A37891AD27BAD463001596AF /* Info.plist */,
			);
			path = Resources;
			sourceTree = "<group>";
		};
		A39A37FD27BD615300A3B8D3 /* View */ = {
			isa = PBXGroup;
			children = (
				A37891D327BAD4D1001596AF /* CountryListView.swift */,
				A39A37FE27BD615E00A3B8D3 /* CountryListView+Loading.swift */,
				A39A380027BD61D500A3B8D3 /* CountryListView+Error.swift */,
			);
			path = View;
			sourceTree = "<group>";
		};
		A39A380427BD665600A3B8D3 /* Patterns */ = {
			isa = PBXGroup;
			children = (
				A39A380227BD664800A3B8D3 /* Colors+Patterns.swift */,
			);
			path = Patterns;
			sourceTree = "<group>";
		};
		A3CF51ED27BD526B001CDB21 /* UICommons */ = {
			isa = PBXGroup;
			children = (
				A3CF51F027BD5287001CDB21 /* Lottie */,
				A39A380427BD665600A3B8D3 /* Patterns */,
			);
			path = UICommons;
			sourceTree = "<group>";
		};
		A3CF51F027BD5287001CDB21 /* Lottie */ = {
			isa = PBXGroup;
			children = (
				A3CF51F127BD5290001CDB21 /* Animations */,
				A3CF51EE27BD527F001CDB21 /* LoadingAnimationView.swift */,
			);
			path = Lottie;
			sourceTree = "<group>";
		};
		A3CF51F127BD5290001CDB21 /* Animations */ = {
			isa = PBXGroup;
			children = (
				A3CF51F227BD52B3001CDB21 /* loading_world.json */,
			);
			path = Animations;
			sourceTree = "<group>";
		};
/* End PBXGroup section */

/* Begin PBXNativeTarget section */
		A378919B27BAD461001596AF /* Countries */ = {
			isa = PBXNativeTarget;
			buildConfigurationList = A37891C627BAD464001596AF /* Build configuration list for PBXNativeTarget "Countries" */;
			buildPhases = (
				A378919827BAD461001596AF /* Sources */,
				A378919927BAD461001596AF /* Frameworks */,
				A378919A27BAD461001596AF /* Resources */,
			);
			buildRules = (
			);
			dependencies = (
			);
			name = Countries;
			packageProductDependencies = (
				A3CF51EB27BD4DD2001CDB21 /* Lottie */,
			);
			productName = Countries;
			productReference = A378919C27BAD462001596AF /* Countries.app */;
			productType = "com.apple.product-type.application";
		};
		A37891B127BAD464001596AF /* CountriesTests */ = {
			isa = PBXNativeTarget;
			buildConfigurationList = A37891C927BAD464001596AF /* Build configuration list for PBXNativeTarget "CountriesTests" */;
			buildPhases = (
				A37891AE27BAD464001596AF /* Sources */,
				A37891AF27BAD464001596AF /* Frameworks */,
				A37891B027BAD464001596AF /* Resources */,
			);
			buildRules = (
			);
			dependencies = (
				A37891B427BAD464001596AF /* PBXTargetDependency */,
			);
			name = CountriesTests;
			productName = CountriesTests;
			productReference = A37891B227BAD464001596AF /* CountriesTests.xctest */;
			productType = "com.apple.product-type.bundle.unit-test";
		};
		A37891BB27BAD464001596AF /* CountriesUITests */ = {
			isa = PBXNativeTarget;
			buildConfigurationList = A37891CC27BAD464001596AF /* Build configuration list for PBXNativeTarget "CountriesUITests" */;
			buildPhases = (
				A37891B827BAD464001596AF /* Sources */,
				A37891B927BAD464001596AF /* Frameworks */,
				A37891BA27BAD464001596AF /* Resources */,
			);
			buildRules = (
			);
			dependencies = (
				A37891BE27BAD464001596AF /* PBXTargetDependency */,
			);
			name = CountriesUITests;
			productName = CountriesUITests;
			productReference = A37891BC27BAD464001596AF /* CountriesUITests.xctest */;
			productType = "com.apple.product-type.bundle.ui-testing";
		};
/* End PBXNativeTarget section */

/* Begin PBXProject section */
		A378919427BAD461001596AF /* Project object */ = {
			isa = PBXProject;
			attributes = {
				BuildIndependentTargetsInParallel = 1;
				LastSwiftUpdateCheck = 1320;
				LastUpgradeCheck = 1320;
				TargetAttributes = {
					A378919B27BAD461001596AF = {
						CreatedOnToolsVersion = 13.2.1;
					};
					A37891B127BAD464001596AF = {
						CreatedOnToolsVersion = 13.2.1;
						TestTargetID = A378919B27BAD461001596AF;
					};
					A37891BB27BAD464001596AF = {
						CreatedOnToolsVersion = 13.2.1;
						TestTargetID = A378919B27BAD461001596AF;
					};
				};
			};
			buildConfigurationList = A378919727BAD461001596AF /* Build configuration list for PBXProject "Countries" */;
			compatibilityVersion = "Xcode 13.0";
			developmentRegion = en;
			hasScannedForEncodings = 0;
			knownRegions = (
				en,
				Base,
			);
			mainGroup = A378919327BAD461001596AF;
			packageReferences = (
				A3CF51EA27BD4DD2001CDB21 /* XCRemoteSwiftPackageReference "lottie-ios" */,
			);
			productRefGroup = A378919D27BAD462001596AF /* Products */;
			projectDirPath = "";
			projectRoot = "";
			targets = (
				A378919B27BAD461001596AF /* Countries */,
				A37891B127BAD464001596AF /* CountriesTests */,
				A37891BB27BAD464001596AF /* CountriesUITests */,
			);
		};
/* End PBXProject section */

/* Begin PBXResourcesBuildPhase section */
		A378919A27BAD461001596AF /* Resources */ = {
			isa = PBXResourcesBuildPhase;
			buildActionMask = 2147483647;
			files = (
				A37891AC27BAD463001596AF /* LaunchScreen.storyboard in Resources */,
				A3CF51F327BD52B3001CDB21 /* loading_world.json in Resources */,
				A37891A927BAD463001596AF /* Assets.xcassets in Resources */,
				A37891A727BAD462001596AF /* Main.storyboard in Resources */,
			);
			runOnlyForDeploymentPostprocessing = 0;
		};
		A37891B027BAD464001596AF /* Resources */ = {
			isa = PBXResourcesBuildPhase;
			buildActionMask = 2147483647;
			files = (
			);
			runOnlyForDeploymentPostprocessing = 0;
		};
		A37891BA27BAD464001596AF /* Resources */ = {
			isa = PBXResourcesBuildPhase;
			buildActionMask = 2147483647;
			files = (
			);
			runOnlyForDeploymentPostprocessing = 0;
		};
/* End PBXResourcesBuildPhase section */

/* Begin PBXSourcesBuildPhase section */
		A378919827BAD461001596AF /* Sources */ = {
			isa = PBXSourcesBuildPhase;
			buildActionMask = 2147483647;
			files = (
				A37891E127BAD4D2001596AF /* CountriesCoordinator.swift in Sources */,
				A39A37FF27BD615E00A3B8D3 /* CountryListView+Loading.swift in Sources */,
				A37891E227BAD4D2001596AF /* CountryListDependencyInjector.swift in Sources */,
				A37891EA27BAD4D2001596AF /* Publisher+Extensions.swift in Sources */,
				A39A380127BD61D500A3B8D3 /* CountryListView+Error.swift in Sources */,
				A37891E527BAD4D2001596AF /* CountriesClient.swift in Sources */,
				A3689B5527BAD65500F7C4B8 /* AppDependencyInjector.swift in Sources */,
				A37891E327BAD4D2001596AF /* CountryListView.swift in Sources */,
				A37891E927BAD4D2001596AF /* Country.swift in Sources */,
				A3689B5227BAD64100F7C4B8 /* AppCoordinator.swift in Sources */,
				A37891E427BAD4D2001596AF /* APIClient.swift in Sources */,
				A37891E827BAD4D2001596AF /* APIError.swift in Sources */,
				A37891E627BAD4D2001596AF /* CountriesEndpoints.swift in Sources */,
				A37891E027BAD4D2001596AF /* CountryListViewModel.swift in Sources */,
				A37891A027BAD462001596AF /* AppDelegate.swift in Sources */,
				A37891E727BAD4D2001596AF /* Endpoint.swift in Sources */,
				A3CF51EF27BD527F001CDB21 /* LoadingAnimationView.swift in Sources */,
				A39A380327BD664800A3B8D3 /* Colors+Patterns.swift in Sources */,
				A37891A227BAD462001596AF /* SceneDelegate.swift in Sources */,
			);
			runOnlyForDeploymentPostprocessing = 0;
		};
		A37891AE27BAD464001596AF /* Sources */ = {
			isa = PBXSourcesBuildPhase;
			buildActionMask = 2147483647;
			files = (
				A37891B727BAD464001596AF /* CountriesTests.swift in Sources */,
			);
			runOnlyForDeploymentPostprocessing = 0;
		};
		A37891B827BAD464001596AF /* Sources */ = {
			isa = PBXSourcesBuildPhase;
			buildActionMask = 2147483647;
			files = (
				A37891C127BAD464001596AF /* CountriesUITests.swift in Sources */,
				A37891C327BAD464001596AF /* CountriesUITestsLaunchTests.swift in Sources */,
			);
			runOnlyForDeploymentPostprocessing = 0;
		};
/* End PBXSourcesBuildPhase section */

/* Begin PBXTargetDependency section */
		A37891B427BAD464001596AF /* PBXTargetDependency */ = {
			isa = PBXTargetDependency;
			target = A378919B27BAD461001596AF /* Countries */;
			targetProxy = A37891B327BAD464001596AF /* PBXContainerItemProxy */;
		};
		A37891BE27BAD464001596AF /* PBXTargetDependency */ = {
			isa = PBXTargetDependency;
			target = A378919B27BAD461001596AF /* Countries */;
			targetProxy = A37891BD27BAD464001596AF /* PBXContainerItemProxy */;
		};
/* End PBXTargetDependency section */

/* Begin PBXVariantGroup section */
		A37891A527BAD462001596AF /* Main.storyboard */ = {
			isa = PBXVariantGroup;
			children = (
				A37891A627BAD462001596AF /* Base */,
			);
			name = Main.storyboard;
			sourceTree = "<group>";
		};
		A37891AA27BAD463001596AF /* LaunchScreen.storyboard */ = {
			isa = PBXVariantGroup;
			children = (
				A37891AB27BAD463001596AF /* Base */,
			);
			name = LaunchScreen.storyboard;
			sourceTree = "<group>";
		};
/* End PBXVariantGroup section */

/* Begin XCBuildConfiguration section */
		A37891C427BAD464001596AF /* Debug */ = {
			isa = XCBuildConfiguration;
			buildSettings = {
				ALWAYS_SEARCH_USER_PATHS = NO;
				CLANG_ANALYZER_NONNULL = YES;
				CLANG_ANALYZER_NUMBER_OBJECT_CONVERSION = YES_AGGRESSIVE;
				CLANG_CXX_LANGUAGE_STANDARD = "gnu++17";
				CLANG_CXX_LIBRARY = "libc++";
				CLANG_ENABLE_MODULES = YES;
				CLANG_ENABLE_OBJC_ARC = YES;
				CLANG_ENABLE_OBJC_WEAK = YES;
				CLANG_WARN_BLOCK_CAPTURE_AUTORELEASING = YES;
				CLANG_WARN_BOOL_CONVERSION = YES;
				CLANG_WARN_COMMA = YES;
				CLANG_WARN_CONSTANT_CONVERSION = YES;
				CLANG_WARN_DEPRECATED_OBJC_IMPLEMENTATIONS = YES;
				CLANG_WARN_DIRECT_OBJC_ISA_USAGE = YES_ERROR;
				CLANG_WARN_DOCUMENTATION_COMMENTS = YES;
				CLANG_WARN_EMPTY_BODY = YES;
				CLANG_WARN_ENUM_CONVERSION = YES;
				CLANG_WARN_INFINITE_RECURSION = YES;
				CLANG_WARN_INT_CONVERSION = YES;
				CLANG_WARN_NON_LITERAL_NULL_CONVERSION = YES;
				CLANG_WARN_OBJC_IMPLICIT_RETAIN_SELF = YES;
				CLANG_WARN_OBJC_LITERAL_CONVERSION = YES;
				CLANG_WARN_OBJC_ROOT_CLASS = YES_ERROR;
				CLANG_WARN_QUOTED_INCLUDE_IN_FRAMEWORK_HEADER = YES;
				CLANG_WARN_RANGE_LOOP_ANALYSIS = YES;
				CLANG_WARN_STRICT_PROTOTYPES = YES;
				CLANG_WARN_SUSPICIOUS_MOVE = YES;
				CLANG_WARN_UNGUARDED_AVAILABILITY = YES_AGGRESSIVE;
				CLANG_WARN_UNREACHABLE_CODE = YES;
				CLANG_WARN__DUPLICATE_METHOD_MATCH = YES;
				COPY_PHASE_STRIP = NO;
				DEBUG_INFORMATION_FORMAT = dwarf;
				ENABLE_STRICT_OBJC_MSGSEND = YES;
				ENABLE_TESTABILITY = YES;
				GCC_C_LANGUAGE_STANDARD = gnu11;
				GCC_DYNAMIC_NO_PIC = NO;
				GCC_NO_COMMON_BLOCKS = YES;
				GCC_OPTIMIZATION_LEVEL = 0;
				GCC_PREPROCESSOR_DEFINITIONS = (
					"DEBUG=1",
					"$(inherited)",
				);
				GCC_WARN_64_TO_32_BIT_CONVERSION = YES;
				GCC_WARN_ABOUT_RETURN_TYPE = YES_ERROR;
				GCC_WARN_UNDECLARED_SELECTOR = YES;
				GCC_WARN_UNINITIALIZED_AUTOS = YES_AGGRESSIVE;
				GCC_WARN_UNUSED_FUNCTION = YES;
				GCC_WARN_UNUSED_VARIABLE = YES;
				IPHONEOS_DEPLOYMENT_TARGET = 15.2;
				MTL_ENABLE_DEBUG_INFO = INCLUDE_SOURCE;
				MTL_FAST_MATH = YES;
				ONLY_ACTIVE_ARCH = YES;
				SDKROOT = iphoneos;
				SWIFT_ACTIVE_COMPILATION_CONDITIONS = DEBUG;
				SWIFT_OPTIMIZATION_LEVEL = "-Onone";
			};
			name = Debug;
		};
		A37891C527BAD464001596AF /* Release */ = {
			isa = XCBuildConfiguration;
			buildSettings = {
				ALWAYS_SEARCH_USER_PATHS = NO;
				CLANG_ANALYZER_NONNULL = YES;
				CLANG_ANALYZER_NUMBER_OBJECT_CONVERSION = YES_AGGRESSIVE;
				CLANG_CXX_LANGUAGE_STANDARD = "gnu++17";
				CLANG_CXX_LIBRARY = "libc++";
				CLANG_ENABLE_MODULES = YES;
				CLANG_ENABLE_OBJC_ARC = YES;
				CLANG_ENABLE_OBJC_WEAK = YES;
				CLANG_WARN_BLOCK_CAPTURE_AUTORELEASING = YES;
				CLANG_WARN_BOOL_CONVERSION = YES;
				CLANG_WARN_COMMA = YES;
				CLANG_WARN_CONSTANT_CONVERSION = YES;
				CLANG_WARN_DEPRECATED_OBJC_IMPLEMENTATIONS = YES;
				CLANG_WARN_DIRECT_OBJC_ISA_USAGE = YES_ERROR;
				CLANG_WARN_DOCUMENTATION_COMMENTS = YES;
				CLANG_WARN_EMPTY_BODY = YES;
				CLANG_WARN_ENUM_CONVERSION = YES;
				CLANG_WARN_INFINITE_RECURSION = YES;
				CLANG_WARN_INT_CONVERSION = YES;
				CLANG_WARN_NON_LITERAL_NULL_CONVERSION = YES;
				CLANG_WARN_OBJC_IMPLICIT_RETAIN_SELF = YES;
				CLANG_WARN_OBJC_LITERAL_CONVERSION = YES;
				CLANG_WARN_OBJC_ROOT_CLASS = YES_ERROR;
				CLANG_WARN_QUOTED_INCLUDE_IN_FRAMEWORK_HEADER = YES;
				CLANG_WARN_RANGE_LOOP_ANALYSIS = YES;
				CLANG_WARN_STRICT_PROTOTYPES = YES;
				CLANG_WARN_SUSPICIOUS_MOVE = YES;
				CLANG_WARN_UNGUARDED_AVAILABILITY = YES_AGGRESSIVE;
				CLANG_WARN_UNREACHABLE_CODE = YES;
				CLANG_WARN__DUPLICATE_METHOD_MATCH = YES;
				COPY_PHASE_STRIP = NO;
				DEBUG_INFORMATION_FORMAT = "dwarf-with-dsym";
				ENABLE_NS_ASSERTIONS = NO;
				ENABLE_STRICT_OBJC_MSGSEND = YES;
				GCC_C_LANGUAGE_STANDARD = gnu11;
				GCC_NO_COMMON_BLOCKS = YES;
				GCC_WARN_64_TO_32_BIT_CONVERSION = YES;
				GCC_WARN_ABOUT_RETURN_TYPE = YES_ERROR;
				GCC_WARN_UNDECLARED_SELECTOR = YES;
				GCC_WARN_UNINITIALIZED_AUTOS = YES_AGGRESSIVE;
				GCC_WARN_UNUSED_FUNCTION = YES;
				GCC_WARN_UNUSED_VARIABLE = YES;
				IPHONEOS_DEPLOYMENT_TARGET = 15.2;
				MTL_ENABLE_DEBUG_INFO = NO;
				MTL_FAST_MATH = YES;
				SDKROOT = iphoneos;
				SWIFT_COMPILATION_MODE = wholemodule;
				SWIFT_OPTIMIZATION_LEVEL = "-O";
				VALIDATE_PRODUCT = YES;
			};
			name = Release;
		};
		A37891C727BAD464001596AF /* Debug */ = {
			isa = XCBuildConfiguration;
			buildSettings = {
				ASSETCATALOG_COMPILER_APPICON_NAME = AppIcon;
				ASSETCATALOG_COMPILER_GLOBAL_ACCENT_COLOR_NAME = AccentColor;
				CODE_SIGN_STYLE = Automatic;
				CURRENT_PROJECT_VERSION = 1;
				DEVELOPMENT_TEAM = VLLH384AC4;
				GENERATE_INFOPLIST_FILE = YES;
				INFOPLIST_FILE = Countries/Resources/Info.plist;
				INFOPLIST_KEY_UIApplicationSupportsIndirectInputEvents = YES;
				INFOPLIST_KEY_UILaunchStoryboardName = LaunchScreen;
				INFOPLIST_KEY_UIMainStoryboardFile = Main;
				INFOPLIST_KEY_UISupportedInterfaceOrientations_iPad = "UIInterfaceOrientationPortrait UIInterfaceOrientationPortraitUpsideDown UIInterfaceOrientationLandscapeLeft UIInterfaceOrientationLandscapeRight";
				INFOPLIST_KEY_UISupportedInterfaceOrientations_iPhone = "UIInterfaceOrientationPortrait UIInterfaceOrientationLandscapeLeft UIInterfaceOrientationLandscapeRight";
				IPHONEOS_DEPLOYMENT_TARGET = 13.0;
				LD_RUNPATH_SEARCH_PATHS = (
					"$(inherited)",
					"@executable_path/Frameworks",
				);
				MARKETING_VERSION = 1.0;
				PRODUCT_BUNDLE_IDENTIFIER = guilherme.Paciulli.Countries;
				PRODUCT_NAME = "$(TARGET_NAME)";
				SWIFT_EMIT_LOC_STRINGS = YES;
				SWIFT_VERSION = 5.0;
				TARGETED_DEVICE_FAMILY = 1;
			};
			name = Debug;
		};
		A37891C827BAD464001596AF /* Release */ = {
			isa = XCBuildConfiguration;
			buildSettings = {
				ASSETCATALOG_COMPILER_APPICON_NAME = AppIcon;
				ASSETCATALOG_COMPILER_GLOBAL_ACCENT_COLOR_NAME = AccentColor;
				CODE_SIGN_STYLE = Automatic;
				CURRENT_PROJECT_VERSION = 1;
				DEVELOPMENT_TEAM = VLLH384AC4;
				GENERATE_INFOPLIST_FILE = YES;
				INFOPLIST_FILE = Countries/Resources/Info.plist;
				INFOPLIST_KEY_UIApplicationSupportsIndirectInputEvents = YES;
				INFOPLIST_KEY_UILaunchStoryboardName = LaunchScreen;
				INFOPLIST_KEY_UIMainStoryboardFile = Main;
				INFOPLIST_KEY_UISupportedInterfaceOrientations_iPad = "UIInterfaceOrientationPortrait UIInterfaceOrientationPortraitUpsideDown UIInterfaceOrientationLandscapeLeft UIInterfaceOrientationLandscapeRight";
				INFOPLIST_KEY_UISupportedInterfaceOrientations_iPhone = "UIInterfaceOrientationPortrait UIInterfaceOrientationLandscapeLeft UIInterfaceOrientationLandscapeRight";
				IPHONEOS_DEPLOYMENT_TARGET = 13.0;
				LD_RUNPATH_SEARCH_PATHS = (
					"$(inherited)",
					"@executable_path/Frameworks",
				);
				MARKETING_VERSION = 1.0;
				PRODUCT_BUNDLE_IDENTIFIER = guilherme.Paciulli.Countries;
				PRODUCT_NAME = "$(TARGET_NAME)";
				SWIFT_EMIT_LOC_STRINGS = YES;
				SWIFT_VERSION = 5.0;
				TARGETED_DEVICE_FAMILY = 1;
			};
			name = Release;
		};
		A37891CA27BAD464001596AF /* Debug */ = {
			isa = XCBuildConfiguration;
			buildSettings = {
				ALWAYS_EMBED_SWIFT_STANDARD_LIBRARIES = YES;
				BUNDLE_LOADER = "$(TEST_HOST)";
				CODE_SIGN_STYLE = Automatic;
				CURRENT_PROJECT_VERSION = 1;
				DEVELOPMENT_TEAM = VLLH384AC4;
				GENERATE_INFOPLIST_FILE = YES;
				IPHONEOS_DEPLOYMENT_TARGET = 15.2;
				MARKETING_VERSION = 1.0;
				PRODUCT_BUNDLE_IDENTIFIER = guilherme.Paciulli.CountriesTests;
				PRODUCT_NAME = "$(TARGET_NAME)";
				SWIFT_EMIT_LOC_STRINGS = NO;
				SWIFT_VERSION = 5.0;
				TARGETED_DEVICE_FAMILY = "1,2";
				TEST_HOST = "$(BUILT_PRODUCTS_DIR)/Countries.app/Countries";
			};
			name = Debug;
		};
		A37891CB27BAD464001596AF /* Release */ = {
			isa = XCBuildConfiguration;
			buildSettings = {
				ALWAYS_EMBED_SWIFT_STANDARD_LIBRARIES = YES;
				BUNDLE_LOADER = "$(TEST_HOST)";
				CODE_SIGN_STYLE = Automatic;
				CURRENT_PROJECT_VERSION = 1;
				DEVELOPMENT_TEAM = VLLH384AC4;
				GENERATE_INFOPLIST_FILE = YES;
				IPHONEOS_DEPLOYMENT_TARGET = 15.2;
				MARKETING_VERSION = 1.0;
				PRODUCT_BUNDLE_IDENTIFIER = guilherme.Paciulli.CountriesTests;
				PRODUCT_NAME = "$(TARGET_NAME)";
				SWIFT_EMIT_LOC_STRINGS = NO;
				SWIFT_VERSION = 5.0;
				TARGETED_DEVICE_FAMILY = "1,2";
				TEST_HOST = "$(BUILT_PRODUCTS_DIR)/Countries.app/Countries";
			};
			name = Release;
		};
		A37891CD27BAD464001596AF /* Debug */ = {
			isa = XCBuildConfiguration;
			buildSettings = {
				ALWAYS_EMBED_SWIFT_STANDARD_LIBRARIES = YES;
				CODE_SIGN_STYLE = Automatic;
				CURRENT_PROJECT_VERSION = 1;
				DEVELOPMENT_TEAM = VLLH384AC4;
				GENERATE_INFOPLIST_FILE = YES;
				MARKETING_VERSION = 1.0;
				PRODUCT_BUNDLE_IDENTIFIER = guilherme.Paciulli.CountriesUITests;
				PRODUCT_NAME = "$(TARGET_NAME)";
				SWIFT_EMIT_LOC_STRINGS = NO;
				SWIFT_VERSION = 5.0;
				TARGETED_DEVICE_FAMILY = "1,2";
				TEST_TARGET_NAME = Countries;
			};
			name = Debug;
		};
		A37891CE27BAD464001596AF /* Release */ = {
			isa = XCBuildConfiguration;
			buildSettings = {
				ALWAYS_EMBED_SWIFT_STANDARD_LIBRARIES = YES;
				CODE_SIGN_STYLE = Automatic;
				CURRENT_PROJECT_VERSION = 1;
				DEVELOPMENT_TEAM = VLLH384AC4;
				GENERATE_INFOPLIST_FILE = YES;
				MARKETING_VERSION = 1.0;
				PRODUCT_BUNDLE_IDENTIFIER = guilherme.Paciulli.CountriesUITests;
				PRODUCT_NAME = "$(TARGET_NAME)";
				SWIFT_EMIT_LOC_STRINGS = NO;
				SWIFT_VERSION = 5.0;
				TARGETED_DEVICE_FAMILY = "1,2";
				TEST_TARGET_NAME = Countries;
			};
			name = Release;
		};
/* End XCBuildConfiguration section */

/* Begin XCConfigurationList section */
		A378919727BAD461001596AF /* Build configuration list for PBXProject "Countries" */ = {
			isa = XCConfigurationList;
			buildConfigurations = (
				A37891C427BAD464001596AF /* Debug */,
				A37891C527BAD464001596AF /* Release */,
			);
			defaultConfigurationIsVisible = 0;
			defaultConfigurationName = Release;
		};
		A37891C627BAD464001596AF /* Build configuration list for PBXNativeTarget "Countries" */ = {
			isa = XCConfigurationList;
			buildConfigurations = (
				A37891C727BAD464001596AF /* Debug */,
				A37891C827BAD464001596AF /* Release */,
			);
			defaultConfigurationIsVisible = 0;
			defaultConfigurationName = Release;
		};
		A37891C927BAD464001596AF /* Build configuration list for PBXNativeTarget "CountriesTests" */ = {
			isa = XCConfigurationList;
			buildConfigurations = (
				A37891CA27BAD464001596AF /* Debug */,
				A37891CB27BAD464001596AF /* Release */,
			);
			defaultConfigurationIsVisible = 0;
			defaultConfigurationName = Release;
		};
		A37891CC27BAD464001596AF /* Build configuration list for PBXNativeTarget "CountriesUITests" */ = {
			isa = XCConfigurationList;
			buildConfigurations = (
				A37891CD27BAD464001596AF /* Debug */,
				A37891CE27BAD464001596AF /* Release */,
			);
			defaultConfigurationIsVisible = 0;
			defaultConfigurationName = Release;
		};
/* End XCConfigurationList section */

/* Begin XCRemoteSwiftPackageReference section */
		A3CF51EA27BD4DD2001CDB21 /* XCRemoteSwiftPackageReference "lottie-ios" */ = {
			isa = XCRemoteSwiftPackageReference;
			repositoryURL = "https://github.com/airbnb/lottie-ios";
			requirement = {
				kind = upToNextMajorVersion;
				minimumVersion = 3.0.0;
			};
		};
/* End XCRemoteSwiftPackageReference section */

/* Begin XCSwiftPackageProductDependency section */
		A3CF51EB27BD4DD2001CDB21 /* Lottie */ = {
			isa = XCSwiftPackageProductDependency;
			package = A3CF51EA27BD4DD2001CDB21 /* XCRemoteSwiftPackageReference "lottie-ios" */;
			productName = Lottie;
		};
/* End XCSwiftPackageProductDependency section */
	};
	rootObject = A378919427BAD461001596AF /* Project object */;
}
